// !$*UTF8*$!
{
	archiveVersion = 1;
	classes = {
	};
	objectVersion = 46;
	objects = {

/* Begin PBXBuildFile section */
		473FA2491DB6D746003836AE /* AsyncOperations.framework in Frameworks */ = {isa = PBXBuildFile; fileRef = 473FA2401DB6D746003836AE /* AsyncOperations.framework */; };
		473FA24E1DB6D746003836AE /* AsyncOperationsTests.swift in Sources */ = {isa = PBXBuildFile; fileRef = 473FA24D1DB6D746003836AE /* AsyncOperationsTests.swift */; };
		473FA2641DB6D75F003836AE /* AsyncOperations.framework in Frameworks */ = {isa = PBXBuildFile; fileRef = 473FA2401DB6D746003836AE /* AsyncOperations.framework */; };
		473FA2661DB6D774003836AE /* HeadRequest.swift in Sources */ = {isa = PBXBuildFile; fileRef = 473FA2651DB6D774003836AE /* HeadRequest.swift */; };
		473FA26B1DB6D783003836AE /* AsyncBlockOperation.swift in Sources */ = {isa = PBXBuildFile; fileRef = 473FA2671DB6D783003836AE /* AsyncBlockOperation.swift */; };
		473FA26C1DB6D783003836AE /* AsyncOperation.swift in Sources */ = {isa = PBXBuildFile; fileRef = 473FA2681DB6D783003836AE /* AsyncOperation.swift */; };
		473FA26D1DB6D783003836AE /* AsyncTaskOperation.swift in Sources */ = {isa = PBXBuildFile; fileRef = 473FA2691DB6D783003836AE /* AsyncTaskOperation.swift */; };
		473FA26E1DB6D783003836AE /* AsyncTaskQueue.swift in Sources */ = {isa = PBXBuildFile; fileRef = 473FA26A1DB6D783003836AE /* AsyncTaskQueue.swift */; };
		473FA2721DB6E6AD003836AE /* Blocks.swift in Sources */ = {isa = PBXBuildFile; fileRef = 473FA2711DB6E6AD003836AE /* Blocks.swift */; };
		473FA2741DB6EA93003836AE /* ImageCache.swift in Sources */ = {isa = PBXBuildFile; fileRef = 473FA2731DB6EA93003836AE /* ImageCache.swift */; };
/* End PBXBuildFile section */

/* Begin PBXContainerItemProxy section */
		473FA24A1DB6D746003836AE /* PBXContainerItemProxy */ = {
			isa = PBXContainerItemProxy;
			containerPortal = 473FA2271DB6D728003836AE /* Project object */;
			proxyType = 1;
			remoteGlobalIDString = 473FA23F1DB6D746003836AE;
			remoteInfo = AsyncOperations;
		};
/* End PBXContainerItemProxy section */

/* Begin PBXFileReference section */
		473FA2401DB6D746003836AE /* AsyncOperations.framework */ = {isa = PBXFileReference; explicitFileType = wrapper.framework; includeInIndex = 0; path = AsyncOperations.framework; sourceTree = BUILT_PRODUCTS_DIR; };
		473FA2431DB6D746003836AE /* Info.plist */ = {isa = PBXFileReference; lastKnownFileType = text.plist.xml; path = Info.plist; sourceTree = "<group>"; };
		473FA2481DB6D746003836AE /* AsyncOperationsTests.xctest */ = {isa = PBXFileReference; explicitFileType = wrapper.cfbundle; includeInIndex = 0; path = AsyncOperationsTests.xctest; sourceTree = BUILT_PRODUCTS_DIR; };
		473FA24D1DB6D746003836AE /* AsyncOperationsTests.swift */ = {isa = PBXFileReference; lastKnownFileType = sourcecode.swift; path = AsyncOperationsTests.swift; sourceTree = "<group>"; };
		473FA24F1DB6D746003836AE /* Info.plist */ = {isa = PBXFileReference; lastKnownFileType = text.plist.xml; path = Info.plist; sourceTree = "<group>"; };
		473FA25C1DB6D759003836AE /* Examples.framework */ = {isa = PBXFileReference; explicitFileType = wrapper.framework; includeInIndex = 0; path = Examples.framework; sourceTree = BUILT_PRODUCTS_DIR; };
		473FA25F1DB6D759003836AE /* Info.plist */ = {isa = PBXFileReference; lastKnownFileType = text.plist.xml; path = Info.plist; sourceTree = "<group>"; };
		473FA2651DB6D774003836AE /* HeadRequest.swift */ = {isa = PBXFileReference; fileEncoding = 4; lastKnownFileType = sourcecode.swift; path = HeadRequest.swift; sourceTree = "<group>"; };
		473FA2671DB6D783003836AE /* AsyncBlockOperation.swift */ = {isa = PBXFileReference; fileEncoding = 4; lastKnownFileType = sourcecode.swift; name = AsyncBlockOperation.swift; path = ../../Source/AsyncBlockOperation.swift; sourceTree = "<group>"; };
		473FA2681DB6D783003836AE /* AsyncOperation.swift */ = {isa = PBXFileReference; fileEncoding = 4; lastKnownFileType = sourcecode.swift; name = AsyncOperation.swift; path = ../../Source/AsyncOperation.swift; sourceTree = "<group>"; };
		473FA2691DB6D783003836AE /* AsyncTaskOperation.swift */ = {isa = PBXFileReference; fileEncoding = 4; lastKnownFileType = sourcecode.swift; name = AsyncTaskOperation.swift; path = ../../Source/AsyncTaskOperation.swift; sourceTree = "<group>"; };
		473FA26A1DB6D783003836AE /* AsyncTaskQueue.swift */ = {isa = PBXFileReference; fileEncoding = 4; lastKnownFileType = sourcecode.swift; name = AsyncTaskQueue.swift; path = ../../Source/AsyncTaskQueue.swift; sourceTree = "<group>"; };
		473FA2711DB6E6AD003836AE /* Blocks.swift */ = {isa = PBXFileReference; fileEncoding = 4; lastKnownFileType = sourcecode.swift; path = Blocks.swift; sourceTree = "<group>"; };
		473FA2731DB6EA93003836AE /* ImageCache.swift */ = {isa = PBXFileReference; fileEncoding = 4; lastKnownFileType = sourcecode.swift; path = ImageCache.swift; sourceTree = "<group>"; };
/* End PBXFileReference section */

/* Begin PBXFrameworksBuildPhase section */
		473FA23C1DB6D746003836AE /* Frameworks */ = {
			isa = PBXFrameworksBuildPhase;
			buildActionMask = 2147483647;
			files = (
			);
			runOnlyForDeploymentPostprocessing = 0;
		};
		473FA2451DB6D746003836AE /* Frameworks */ = {
			isa = PBXFrameworksBuildPhase;
			buildActionMask = 2147483647;
			files = (
				473FA2491DB6D746003836AE /* AsyncOperations.framework in Frameworks */,
			);
			runOnlyForDeploymentPostprocessing = 0;
		};
		473FA2581DB6D759003836AE /* Frameworks */ = {
			isa = PBXFrameworksBuildPhase;
			buildActionMask = 2147483647;
			files = (
				473FA2641DB6D75F003836AE /* AsyncOperations.framework in Frameworks */,
			);
			runOnlyForDeploymentPostprocessing = 0;
		};
/* End PBXFrameworksBuildPhase section */

/* Begin PBXGroup section */
		473FA2261DB6D728003836AE = {
			isa = PBXGroup;
			children = (
				473FA2411DB6D746003836AE /* AsyncOperations */,
				473FA24C1DB6D746003836AE /* AsyncOperationsTests */,
				473FA25D1DB6D759003836AE /* Examples */,
				473FA2311DB6D728003836AE /* Products */,
			);
			sourceTree = "<group>";
		};
		473FA2311DB6D728003836AE /* Products */ = {
			isa = PBXGroup;
			children = (
				473FA2401DB6D746003836AE /* AsyncOperations.framework */,
				473FA2481DB6D746003836AE /* AsyncOperationsTests.xctest */,
				473FA25C1DB6D759003836AE /* Examples.framework */,
			);
			name = Products;
			sourceTree = "<group>";
		};
		473FA2411DB6D746003836AE /* AsyncOperations */ = {
			isa = PBXGroup;
			children = (
				473FA2671DB6D783003836AE /* AsyncBlockOperation.swift */,
				473FA2681DB6D783003836AE /* AsyncOperation.swift */,
				473FA2691DB6D783003836AE /* AsyncTaskOperation.swift */,
				473FA26A1DB6D783003836AE /* AsyncTaskQueue.swift */,
				473FA2431DB6D746003836AE /* Info.plist */,
			);
			path = AsyncOperations;
			sourceTree = "<group>";
		};
		473FA24C1DB6D746003836AE /* AsyncOperationsTests */ = {
			isa = PBXGroup;
			children = (
				473FA24D1DB6D746003836AE /* AsyncOperationsTests.swift */,
				473FA24F1DB6D746003836AE /* Info.plist */,
			);
			path = AsyncOperationsTests;
			sourceTree = "<group>";
		};
		473FA25D1DB6D759003836AE /* Examples */ = {
			isa = PBXGroup;
			children = (
				473FA2651DB6D774003836AE /* HeadRequest.swift */,
				473FA2711DB6E6AD003836AE /* Blocks.swift */,
				473FA2731DB6EA93003836AE /* ImageCache.swift */,
				473FA25F1DB6D759003836AE /* Info.plist */,
			);
			path = Examples;
			sourceTree = "<group>";
		};
/* End PBXGroup section */

/* Begin PBXHeadersBuildPhase section */
		473FA23D1DB6D746003836AE /* Headers */ = {
			isa = PBXHeadersBuildPhase;
			buildActionMask = 2147483647;
			files = (
			);
			runOnlyForDeploymentPostprocessing = 0;
		};
		473FA2591DB6D759003836AE /* Headers */ = {
			isa = PBXHeadersBuildPhase;
			buildActionMask = 2147483647;
			files = (
			);
			runOnlyForDeploymentPostprocessing = 0;
		};
/* End PBXHeadersBuildPhase section */

/* Begin PBXNativeTarget section */
		473FA23F1DB6D746003836AE /* AsyncOperations */ = {
			isa = PBXNativeTarget;
			buildConfigurationList = 473FA2511DB6D746003836AE /* Build configuration list for PBXNativeTarget "AsyncOperations" */;
			buildPhases = (
				473FA23B1DB6D746003836AE /* Sources */,
				473FA23C1DB6D746003836AE /* Frameworks */,
				473FA23D1DB6D746003836AE /* Headers */,
				473FA23E1DB6D746003836AE /* Resources */,
			);
			buildRules = (
			);
			dependencies = (
			);
			name = AsyncOperations;
			productName = AsyncOperations;
			productReference = 473FA2401DB6D746003836AE /* AsyncOperations.framework */;
			productType = "com.apple.product-type.framework";
		};
		473FA2471DB6D746003836AE /* AsyncOperationsTests */ = {
			isa = PBXNativeTarget;
			buildConfigurationList = 473FA2541DB6D746003836AE /* Build configuration list for PBXNativeTarget "AsyncOperationsTests" */;
			buildPhases = (
				473FA2441DB6D746003836AE /* Sources */,
				473FA2451DB6D746003836AE /* Frameworks */,
				473FA2461DB6D746003836AE /* Resources */,
			);
			buildRules = (
			);
			dependencies = (
				473FA24B1DB6D746003836AE /* PBXTargetDependency */,
			);
			name = AsyncOperationsTests;
			productName = AsyncOperationsTests;
			productReference = 473FA2481DB6D746003836AE /* AsyncOperationsTests.xctest */;
			productType = "com.apple.product-type.bundle.unit-test";
		};
		473FA25B1DB6D759003836AE /* Examples */ = {
			isa = PBXNativeTarget;
			buildConfigurationList = 473FA2611DB6D759003836AE /* Build configuration list for PBXNativeTarget "Examples" */;
			buildPhases = (
				473FA2571DB6D759003836AE /* Sources */,
				473FA2581DB6D759003836AE /* Frameworks */,
				473FA2591DB6D759003836AE /* Headers */,
				473FA25A1DB6D759003836AE /* Resources */,
			);
			buildRules = (
			);
			dependencies = (
			);
			name = Examples;
			productName = Examples;
			productReference = 473FA25C1DB6D759003836AE /* Examples.framework */;
			productType = "com.apple.product-type.framework";
		};
/* End PBXNativeTarget section */

/* Begin PBXProject section */
		473FA2271DB6D728003836AE /* Project object */ = {
			isa = PBXProject;
			attributes = {
				LastSwiftUpdateCheck = 0800;
				LastUpgradeCheck = 0800;
				ORGANIZATIONNAME = "Nice Boy LLC";
				TargetAttributes = {
					473FA23F1DB6D746003836AE = {
						CreatedOnToolsVersion = 8.0;
						DevelopmentTeam = 442RNUGV2T;
						LastSwiftMigration = 0800;
						ProvisioningStyle = Automatic;
					};
					473FA2471DB6D746003836AE = {
						CreatedOnToolsVersion = 8.0;
						DevelopmentTeam = 442RNUGV2T;
						ProvisioningStyle = Automatic;
					};
					473FA25B1DB6D759003836AE = {
						CreatedOnToolsVersion = 8.0;
						DevelopmentTeam = 442RNUGV2T;
						LastSwiftMigration = 0800;
						ProvisioningStyle = Automatic;
					};
				};
			};
			buildConfigurationList = 473FA22A1DB6D728003836AE /* Build configuration list for PBXProject "Project" */;
			compatibilityVersion = "Xcode 3.2";
			developmentRegion = English;
			hasScannedForEncodings = 0;
			knownRegions = (
				en,
			);
			mainGroup = 473FA2261DB6D728003836AE;
			productRefGroup = 473FA2311DB6D728003836AE /* Products */;
			projectDirPath = "";
			projectRoot = "";
			targets = (
				473FA23F1DB6D746003836AE /* AsyncOperations */,
				473FA2471DB6D746003836AE /* AsyncOperationsTests */,
				473FA25B1DB6D759003836AE /* Examples */,
			);
		};
/* End PBXProject section */

/* Begin PBXResourcesBuildPhase section */
		473FA23E1DB6D746003836AE /* Resources */ = {
			isa = PBXResourcesBuildPhase;
			buildActionMask = 2147483647;
			files = (
			);
			runOnlyForDeploymentPostprocessing = 0;
		};
		473FA2461DB6D746003836AE /* Resources */ = {
			isa = PBXResourcesBuildPhase;
			buildActionMask = 2147483647;
			files = (
			);
			runOnlyForDeploymentPostprocessing = 0;
		};
		473FA25A1DB6D759003836AE /* Resources */ = {
			isa = PBXResourcesBuildPhase;
			buildActionMask = 2147483647;
			files = (
			);
			runOnlyForDeploymentPostprocessing = 0;
		};
/* End PBXResourcesBuildPhase section */

/* Begin PBXSourcesBuildPhase section */
		473FA23B1DB6D746003836AE /* Sources */ = {
			isa = PBXSourcesBuildPhase;
			buildActionMask = 2147483647;
			files = (
				473FA26D1DB6D783003836AE /* AsyncTaskOperation.swift in Sources */,
				473FA26E1DB6D783003836AE /* AsyncTaskQueue.swift in Sources */,
				473FA26C1DB6D783003836AE /* AsyncOperation.swift in Sources */,
				473FA26B1DB6D783003836AE /* AsyncBlockOperation.swift in Sources */,
			);
			runOnlyForDeploymentPostprocessing = 0;
		};
		473FA2441DB6D746003836AE /* Sources */ = {
			isa = PBXSourcesBuildPhase;
			buildActionMask = 2147483647;
			files = (
				473FA24E1DB6D746003836AE /* AsyncOperationsTests.swift in Sources */,
			);
			runOnlyForDeploymentPostprocessing = 0;
		};
		473FA2571DB6D759003836AE /* Sources */ = {
			isa = PBXSourcesBuildPhase;
			buildActionMask = 2147483647;
			files = (
				473FA2741DB6EA93003836AE /* ImageCache.swift in Sources */,
				473FA2661DB6D774003836AE /* HeadRequest.swift in Sources */,
				473FA2721DB6E6AD003836AE /* Blocks.swift in Sources */,
			);
			runOnlyForDeploymentPostprocessing = 0;
		};
/* End PBXSourcesBuildPhase section */

/* Begin PBXTargetDependency section */
		473FA24B1DB6D746003836AE /* PBXTargetDependency */ = {
			isa = PBXTargetDependency;
			target = 473FA23F1DB6D746003836AE /* AsyncOperations */;
			targetProxy = 473FA24A1DB6D746003836AE /* PBXContainerItemProxy */;
		};
/* End PBXTargetDependency section */

/* Begin XCBuildConfiguration section */
		473FA2361DB6D728003836AE /* Debug */ = {
			isa = XCBuildConfiguration;
			buildSettings = {
				ALWAYS_SEARCH_USER_PATHS = NO;
				CLANG_ANALYZER_NONNULL = YES;
				CLANG_CXX_LANGUAGE_STANDARD = "gnu++0x";
				CLANG_CXX_LIBRARY = "libc++";
				CLANG_ENABLE_MODULES = YES;
				CLANG_ENABLE_OBJC_ARC = YES;
				CLANG_WARN_BOOL_CONVERSION = YES;
				CLANG_WARN_CONSTANT_CONVERSION = YES;
				CLANG_WARN_DIRECT_OBJC_ISA_USAGE = YES_ERROR;
				CLANG_WARN_DOCUMENTATION_COMMENTS = YES;
				CLANG_WARN_EMPTY_BODY = YES;
				CLANG_WARN_ENUM_CONVERSION = YES;
				CLANG_WARN_INFINITE_RECURSION = YES;
				CLANG_WARN_INT_CONVERSION = YES;
				CLANG_WARN_OBJC_ROOT_CLASS = YES_ERROR;
				CLANG_WARN_SUSPICIOUS_MOVES = YES;
				CLANG_WARN_UNREACHABLE_CODE = YES;
				CLANG_WARN__DUPLICATE_METHOD_MATCH = YES;
				"CODE_SIGN_IDENTITY[sdk=iphoneos*]" = "iPhone Developer";
				COPY_PHASE_STRIP = NO;
				CURRENT_PROJECT_VERSION = 1;
				DEBUG_INFORMATION_FORMAT = dwarf;
				ENABLE_STRICT_OBJC_MSGSEND = YES;
				ENABLE_TESTABILITY = YES;
				GCC_C_LANGUAGE_STANDARD = gnu99;
				GCC_DYNAMIC_NO_PIC = NO;
				GCC_NO_COMMON_BLOCKS = YES;
				GCC_OPTIMIZATION_LEVEL = 0;
				GCC_PREPROCESSOR_DEFINITIONS = (
					"DEBUG=1",
					"$(inherited)",
				);
				GCC_WARN_64_TO_32_BIT_CONVERSION = YES;
				GCC_WARN_ABOUT_RETURN_TYPE = YES_ERROR;
				GCC_WARN_UNDECLARED_SELECTOR = YES;
				GCC_WARN_UNINITIALIZED_AUTOS = YES_AGGRESSIVE;
				GCC_WARN_UNUSED_FUNCTION = YES;
				GCC_WARN_UNUSED_VARIABLE = YES;
				IPHONEOS_DEPLOYMENT_TARGET = 10.0;
				MTL_ENABLE_DEBUG_INFO = YES;
				ONLY_ACTIVE_ARCH = YES;
				SDKROOT = iphoneos;
				SWIFT_ACTIVE_COMPILATION_CONDITIONS = DEBUG;
				SWIFT_OPTIMIZATION_LEVEL = "-Onone";
				TARGETED_DEVICE_FAMILY = "1,2";
				VERSIONING_SYSTEM = "apple-generic";
				VERSION_INFO_PREFIX = "";
			};
			name = Debug;
		};
		473FA2371DB6D728003836AE /* Release */ = {
			isa = XCBuildConfiguration;
			buildSettings = {
				ALWAYS_SEARCH_USER_PATHS = NO;
				CLANG_ANALYZER_NONNULL = YES;
				CLANG_CXX_LANGUAGE_STANDARD = "gnu++0x";
				CLANG_CXX_LIBRARY = "libc++";
				CLANG_ENABLE_MODULES = YES;
				CLANG_ENABLE_OBJC_ARC = YES;
				CLANG_WARN_BOOL_CONVERSION = YES;
				CLANG_WARN_CONSTANT_CONVERSION = YES;
				CLANG_WARN_DIRECT_OBJC_ISA_USAGE = YES_ERROR;
				CLANG_WARN_DOCUMENTATION_COMMENTS = YES;
				CLANG_WARN_EMPTY_BODY = YES;
				CLANG_WARN_ENUM_CONVERSION = YES;
				CLANG_WARN_INFINITE_RECURSION = YES;
				CLANG_WARN_INT_CONVERSION = YES;
				CLANG_WARN_OBJC_ROOT_CLASS = YES_ERROR;
				CLANG_WARN_SUSPICIOUS_MOVES = YES;
				CLANG_WARN_UNREACHABLE_CODE = YES;
				CLANG_WARN__DUPLICATE_METHOD_MATCH = YES;
				"CODE_SIGN_IDENTITY[sdk=iphoneos*]" = "iPhone Developer";
				COPY_PHASE_STRIP = NO;
				CURRENT_PROJECT_VERSION = 1;
				DEBUG_INFORMATION_FORMAT = "dwarf-with-dsym";
				ENABLE_NS_ASSERTIONS = NO;
				ENABLE_STRICT_OBJC_MSGSEND = YES;
				GCC_C_LANGUAGE_STANDARD = gnu99;
				GCC_NO_COMMON_BLOCKS = YES;
				GCC_WARN_64_TO_32_BIT_CONVERSION = YES;
				GCC_WARN_ABOUT_RETURN_TYPE = YES_ERROR;
				GCC_WARN_UNDECLARED_SELECTOR = YES;
				GCC_WARN_UNINITIALIZED_AUTOS = YES_AGGRESSIVE;
				GCC_WARN_UNUSED_FUNCTION = YES;
				GCC_WARN_UNUSED_VARIABLE = YES;
				IPHONEOS_DEPLOYMENT_TARGET = 10.0;
				MTL_ENABLE_DEBUG_INFO = NO;
				SDKROOT = iphoneos;
				SWIFT_OPTIMIZATION_LEVEL = "-Owholemodule";
				TARGETED_DEVICE_FAMILY = "1,2";
				VALIDATE_PRODUCT = YES;
				VERSIONING_SYSTEM = "apple-generic";
				VERSION_INFO_PREFIX = "";
			};
			name = Release;
		};
		473FA2521DB6D746003836AE /* Debug */ = {
			isa = XCBuildConfiguration;
			buildSettings = {
				CLANG_ENABLE_MODULES = YES;
				CODE_SIGN_IDENTITY = "";
				DEFINES_MODULE = YES;
				DEVELOPMENT_TEAM = 442RNUGV2T;
				DYLIB_COMPATIBILITY_VERSION = 1;
				DYLIB_CURRENT_VERSION = 1;
				DYLIB_INSTALL_NAME_BASE = "@rpath";
				INFOPLIST_FILE = AsyncOperations/Info.plist;
				INSTALL_PATH = "$(LOCAL_LIBRARY_DIR)/Frameworks";
				LD_RUNPATH_SEARCH_PATHS = "$(inherited) @executable_path/Frameworks @loader_path/Frameworks";
				PRODUCT_BUNDLE_IDENTIFIER = com.niceboy.AsyncOperations;
				PRODUCT_NAME = "$(TARGET_NAME)";
				SKIP_INSTALL = YES;
				SWIFT_OPTIMIZATION_LEVEL = "-Onone";
				SWIFT_VERSION = 3.0;
			};
			name = Debug;
		};
		473FA2531DB6D746003836AE /* Release */ = {
			isa = XCBuildConfiguration;
			buildSettings = {
				CLANG_ENABLE_MODULES = YES;
				CODE_SIGN_IDENTITY = "";
				DEFINES_MODULE = YES;
				DEVELOPMENT_TEAM = 442RNUGV2T;
				DYLIB_COMPATIBILITY_VERSION = 1;
				DYLIB_CURRENT_VERSION = 1;
				DYLIB_INSTALL_NAME_BASE = "@rpath";
				INFOPLIST_FILE = AsyncOperations/Info.plist;
				INSTALL_PATH = "$(LOCAL_LIBRARY_DIR)/Frameworks";
				LD_RUNPATH_SEARCH_PATHS = "$(inherited) @executable_path/Frameworks @loader_path/Frameworks";
				PRODUCT_BUNDLE_IDENTIFIER = com.niceboy.AsyncOperations;
				PRODUCT_NAME = "$(TARGET_NAME)";
				SKIP_INSTALL = YES;
				SWIFT_VERSION = 3.0;
			};
			name = Release;
		};
		473FA2551DB6D746003836AE /* Debug */ = {
			isa = XCBuildConfiguration;
			buildSettings = {
				ALWAYS_EMBED_SWIFT_STANDARD_LIBRARIES = YES;
				DEVELOPMENT_TEAM = 442RNUGV2T;
				INFOPLIST_FILE = AsyncOperationsTests/Info.plist;
				LD_RUNPATH_SEARCH_PATHS = "$(inherited) @executable_path/Frameworks @loader_path/Frameworks";
				PRODUCT_BUNDLE_IDENTIFIER = com.niceboy.AsyncOperationsTests;
				PRODUCT_NAME = "$(TARGET_NAME)";
				SWIFT_VERSION = 3.0;
			};
			name = Debug;
		};
		473FA2561DB6D746003836AE /* Release */ = {
			isa = XCBuildConfiguration;
			buildSettings = {
				ALWAYS_EMBED_SWIFT_STANDARD_LIBRARIES = YES;
				DEVELOPMENT_TEAM = 442RNUGV2T;
				INFOPLIST_FILE = AsyncOperationsTests/Info.plist;
				LD_RUNPATH_SEARCH_PATHS = "$(inherited) @executable_path/Frameworks @loader_path/Frameworks";
				PRODUCT_BUNDLE_IDENTIFIER = com.niceboy.AsyncOperationsTests;
				PRODUCT_NAME = "$(TARGET_NAME)";
				SWIFT_VERSION = 3.0;
			};
			name = Release;
		};
		473FA2621DB6D759003836AE /* Debug */ = {
			isa = XCBuildConfiguration;
			buildSettings = {
				CLANG_ENABLE_MODULES = YES;
				CODE_SIGN_IDENTITY = "";
				DEFINES_MODULE = YES;
				DEVELOPMENT_TEAM = 442RNUGV2T;
				DYLIB_COMPATIBILITY_VERSION = 1;
				DYLIB_CURRENT_VERSION = 1;
				DYLIB_INSTALL_NAME_BASE = "@rpath";
				INFOPLIST_FILE = Examples/Info.plist;
				INSTALL_PATH = "$(LOCAL_LIBRARY_DIR)/Frameworks";
				LD_RUNPATH_SEARCH_PATHS = "$(inherited) @executable_path/Frameworks @loader_path/Frameworks";
				PRODUCT_BUNDLE_IDENTIFIER = com.niceboy.Examples;
				PRODUCT_NAME = "$(TARGET_NAME)";
				SKIP_INSTALL = YES;
				SWIFT_OPTIMIZATION_LEVEL = "-Onone";
				SWIFT_VERSION = 3.0;
			};
			name = Debug;
		};
		473FA2631DB6D759003836AE /* Release */ = {
			isa = XCBuildConfiguration;
			buildSettings = {
				CLANG_ENABLE_MODULES = YES;
				CODE_SIGN_IDENTITY = "";
				DEFINES_MODULE = YES;
				DEVELOPMENT_TEAM = 442RNUGV2T;
				DYLIB_COMPATIBILITY_VERSION = 1;
				DYLIB_CURRENT_VERSION = 1;
				DYLIB_INSTALL_NAME_BASE = "@rpath";
				INFOPLIST_FILE = Examples/Info.plist;
				INSTALL_PATH = "$(LOCAL_LIBRARY_DIR)/Frameworks";
				LD_RUNPATH_SEARCH_PATHS = "$(inherited) @executable_path/Frameworks @loader_path/Frameworks";
				PRODUCT_BUNDLE_IDENTIFIER = com.niceboy.Examples;
				PRODUCT_NAME = "$(TARGET_NAME)";
				SKIP_INSTALL = YES;
				SWIFT_VERSION = 3.0;
			};
			name = Release;
		};
/* End XCBuildConfiguration section */

/* Begin XCConfigurationList section */
		473FA22A1DB6D728003836AE /* Build configuration list for PBXProject "Project" */ = {
			isa = XCConfigurationList;
			buildConfigurations = (
				473FA2361DB6D728003836AE /* Debug */,
				473FA2371DB6D728003836AE /* Release */,
			);
			defaultConfigurationIsVisible = 0;
			defaultConfigurationName = Release;
		};
		473FA2511DB6D746003836AE /* Build configuration list for PBXNativeTarget "AsyncOperations" */ = {
			isa = XCConfigurationList;
			buildConfigurations = (
				473FA2521DB6D746003836AE /* Debug */,
				473FA2531DB6D746003836AE /* Release */,
			);
			defaultConfigurationIsVisible = 0;
		};
		473FA2541DB6D746003836AE /* Build configuration list for PBXNativeTarget "AsyncOperationsTests" */ = {
			isa = XCConfigurationList;
			buildConfigurations = (
				473FA2551DB6D746003836AE /* Debug */,
				473FA2561DB6D746003836AE /* Release */,
			);
			defaultConfigurationIsVisible = 0;
		};
		473FA2611DB6D759003836AE /* Build configuration list for PBXNativeTarget "Examples" */ = {
			isa = XCConfigurationList;
			buildConfigurations = (
				473FA2621DB6D759003836AE /* Debug */,
				473FA2631DB6D759003836AE /* Release */,
			);
			defaultConfigurationIsVisible = 0;
		};
/* End XCConfigurationList section */
	};
	rootObject = 473FA2271DB6D728003836AE /* Project object */;
}
