// !$*UTF8*$!
{
	archiveVersion = 1;
	classes = {
	};
	objectVersion = 46;
	objects = {

/* Begin PBXBuildFile section */
		4741BF9F1DB68AF2004BE656 /* AsyncOperations.framework in Frameworks */ = {isa = PBXBuildFile; fileRef = 4741BF951DB68AF2004BE656 /* AsyncOperations.framework */; };
		4741BFA41DB68AF2004BE656 /* AsyncOperationsTests.swift in Sources */ = {isa = PBXBuildFile; fileRef = 4741BFA31DB68AF2004BE656 /* AsyncOperationsTests.swift */; };
		4741BFB31DB68B20004BE656 /* AsyncBlockOperation.swift in Sources */ = {isa = PBXBuildFile; fileRef = 4741BFAF1DB68B20004BE656 /* AsyncBlockOperation.swift */; };
		4741BFB41DB68B20004BE656 /* AsyncOperation.swift in Sources */ = {isa = PBXBuildFile; fileRef = 4741BFB01DB68B20004BE656 /* AsyncOperation.swift */; };
		4741BFB51DB68B20004BE656 /* AsyncTaskOperation.swift in Sources */ = {isa = PBXBuildFile; fileRef = 4741BFB11DB68B20004BE656 /* AsyncTaskOperation.swift */; };
		47E31AEA1DB68F87000FDA41 /* AsyncTaskQueue.swift in Sources */ = {isa = PBXBuildFile; fileRef = 47E31AE91DB68F87000FDA41 /* AsyncTaskQueue.swift */; };
/* End PBXBuildFile section */

/* Begin PBXContainerItemProxy section */
		4741BFA01DB68AF2004BE656 /* PBXContainerItemProxy */ = {
			isa = PBXContainerItemProxy;
			containerPortal = 4741BF8C1DB68AF1004BE656 /* Project object */;
			proxyType = 1;
			remoteGlobalIDString = 4741BF941DB68AF1004BE656;
			remoteInfo = AsyncOperations;
		};
/* End PBXContainerItemProxy section */

/* Begin PBXFileReference section */
		4741BF951DB68AF2004BE656 /* AsyncOperations.framework */ = {isa = PBXFileReference; explicitFileType = wrapper.framework; includeInIndex = 0; path = AsyncOperations.framework; sourceTree = BUILT_PRODUCTS_DIR; };
		4741BF991DB68AF2004BE656 /* Info.plist */ = {isa = PBXFileReference; lastKnownFileType = text.plist.xml; path = Info.plist; sourceTree = "<group>"; };
		4741BF9E1DB68AF2004BE656 /* AsyncOperationsTests.xctest */ = {isa = PBXFileReference; explicitFileType = wrapper.cfbundle; includeInIndex = 0; path = AsyncOperationsTests.xctest; sourceTree = BUILT_PRODUCTS_DIR; };
		4741BFA31DB68AF2004BE656 /* AsyncOperationsTests.swift */ = {isa = PBXFileReference; lastKnownFileType = sourcecode.swift; path = AsyncOperationsTests.swift; sourceTree = "<group>"; };
		4741BFA51DB68AF2004BE656 /* Info.plist */ = {isa = PBXFileReference; lastKnownFileType = text.plist.xml; path = Info.plist; sourceTree = "<group>"; };
		4741BFAF1DB68B20004BE656 /* AsyncBlockOperation.swift */ = {isa = PBXFileReference; fileEncoding = 4; lastKnownFileType = sourcecode.swift; path = AsyncBlockOperation.swift; sourceTree = "<group>"; };
		4741BFB01DB68B20004BE656 /* AsyncOperation.swift */ = {isa = PBXFileReference; fileEncoding = 4; lastKnownFileType = sourcecode.swift; path = AsyncOperation.swift; sourceTree = "<group>"; };
		4741BFB11DB68B20004BE656 /* AsyncTaskOperation.swift */ = {isa = PBXFileReference; fileEncoding = 4; lastKnownFileType = sourcecode.swift; path = AsyncTaskOperation.swift; sourceTree = "<group>"; };
		47E31AE91DB68F87000FDA41 /* AsyncTaskQueue.swift */ = {isa = PBXFileReference; fileEncoding = 4; lastKnownFileType = sourcecode.swift; path = AsyncTaskQueue.swift; sourceTree = "<group>"; };
/* End PBXFileReference section */

/* Begin PBXFrameworksBuildPhase section */
		4741BF911DB68AF1004BE656 /* Frameworks */ = {
			isa = PBXFrameworksBuildPhase;
			buildActionMask = 2147483647;
			files = (
			);
			runOnlyForDeploymentPostprocessing = 0;
		};
		4741BF9B1DB68AF2004BE656 /* Frameworks */ = {
			isa = PBXFrameworksBuildPhase;
			buildActionMask = 2147483647;
			files = (
				4741BF9F1DB68AF2004BE656 /* AsyncOperations.framework in Frameworks */,
			);
			runOnlyForDeploymentPostprocessing = 0;
		};
/* End PBXFrameworksBuildPhase section */

/* Begin PBXGroup section */
		4741BF8B1DB68AF1004BE656 = {
			isa = PBXGroup;
			children = (
				4741BF971DB68AF2004BE656 /* AsyncOperations */,
				4741BFA21DB68AF2004BE656 /* AsyncOperationsTests */,
				4741BF961DB68AF2004BE656 /* Products */,
			);
			sourceTree = "<group>";
		};
		4741BF961DB68AF2004BE656 /* Products */ = {
			isa = PBXGroup;
			children = (
				4741BF951DB68AF2004BE656 /* AsyncOperations.framework */,
				4741BF9E1DB68AF2004BE656 /* AsyncOperationsTests.xctest */,
			);
			name = Products;
			sourceTree = "<group>";
		};
		4741BF971DB68AF2004BE656 /* AsyncOperations */ = {
			isa = PBXGroup;
			children = (
				4741BF991DB68AF2004BE656 /* Info.plist */,
				4741BFAF1DB68B20004BE656 /* AsyncBlockOperation.swift */,
				4741BFB01DB68B20004BE656 /* AsyncOperation.swift */,
				4741BFB11DB68B20004BE656 /* AsyncTaskOperation.swift */,
				47E31AE91DB68F87000FDA41 /* AsyncTaskQueue.swift */,
			);
			path = AsyncOperations;
			sourceTree = "<group>";
		};
		4741BFA21DB68AF2004BE656 /* AsyncOperationsTests */ = {
			isa = PBXGroup;
			children = (
				4741BFA31DB68AF2004BE656 /* AsyncOperationsTests.swift */,
				4741BFA51DB68AF2004BE656 /* Info.plist */,
			);
			path = AsyncOperationsTests;
			sourceTree = "<group>";
		};
/* End PBXGroup section */

/* Begin PBXHeadersBuildPhase section */
		4741BF921DB68AF1004BE656 /* Headers */ = {
			isa = PBXHeadersBuildPhase;
			buildActionMask = 2147483647;
			files = (
			);
			runOnlyForDeploymentPostprocessing = 0;
		};
/* End PBXHeadersBuildPhase section */

/* Begin PBXNativeTarget section */
		4741BF941DB68AF1004BE656 /* AsyncOperations */ = {
			isa = PBXNativeTarget;
			buildConfigurationList = 4741BFA91DB68AF2004BE656 /* Build configuration list for PBXNativeTarget "AsyncOperations" */;
			buildPhases = (
				4741BF901DB68AF1004BE656 /* Sources */,
				4741BF911DB68AF1004BE656 /* Frameworks */,
				4741BF921DB68AF1004BE656 /* Headers */,
				4741BF931DB68AF1004BE656 /* Resources */,
			);
			buildRules = (
			);
			dependencies = (
			);
			name = AsyncOperations;
			productName = AsyncOperations;
			productReference = 4741BF951DB68AF2004BE656 /* AsyncOperations.framework */;
			productType = "com.apple.product-type.framework";
		};
		4741BF9D1DB68AF2004BE656 /* AsyncOperationsTests */ = {
			isa = PBXNativeTarget;
			buildConfigurationList = 4741BFAC1DB68AF2004BE656 /* Build configuration list for PBXNativeTarget "AsyncOperationsTests" */;
			buildPhases = (
				4741BF9A1DB68AF2004BE656 /* Sources */,
				4741BF9B1DB68AF2004BE656 /* Frameworks */,
				4741BF9C1DB68AF2004BE656 /* Resources */,
			);
			buildRules = (
			);
			dependencies = (
				4741BFA11DB68AF2004BE656 /* PBXTargetDependency */,
			);
			name = AsyncOperationsTests;
			productName = AsyncOperationsTests;
			productReference = 4741BF9E1DB68AF2004BE656 /* AsyncOperationsTests.xctest */;
			productType = "com.apple.product-type.bundle.unit-test";
		};
/* End PBXNativeTarget section */

/* Begin PBXProject section */
		4741BF8C1DB68AF1004BE656 /* Project object */ = {
			isa = PBXProject;
			attributes = {
				LastSwiftUpdateCheck = 0800;
				LastUpgradeCheck = 0800;
				ORGANIZATIONNAME = "Nice Boy LLC";
				TargetAttributes = {
					4741BF941DB68AF1004BE656 = {
						CreatedOnToolsVersion = 8.0;
						DevelopmentTeam = 442RNUGV2T;
						LastSwiftMigration = 0800;
						ProvisioningStyle = Automatic;
					};
					4741BF9D1DB68AF2004BE656 = {
						CreatedOnToolsVersion = 8.0;
						DevelopmentTeam = 442RNUGV2T;
						ProvisioningStyle = Automatic;
					};
				};
			};
			buildConfigurationList = 4741BF8F1DB68AF1004BE656 /* Build configuration list for PBXProject "AsyncOperations" */;
			compatibilityVersion = "Xcode 3.2";
			developmentRegion = English;
			hasScannedForEncodings = 0;
			knownRegions = (
				en,
			);
			mainGroup = 4741BF8B1DB68AF1004BE656;
			productRefGroup = 4741BF961DB68AF2004BE656 /* Products */;
			projectDirPath = "";
			projectRoot = "";
			targets = (
				4741BF941DB68AF1004BE656 /* AsyncOperations */,
				4741BF9D1DB68AF2004BE656 /* AsyncOperationsTests */,
			);
		};
/* End PBXProject section */

/* Begin PBXResourcesBuildPhase section */
		4741BF931DB68AF1004BE656 /* Resources */ = {
			isa = PBXResourcesBuildPhase;
			buildActionMask = 2147483647;
			files = (
			);
			runOnlyForDeploymentPostprocessing = 0;
		};
		4741BF9C1DB68AF2004BE656 /* Resources */ = {
			isa = PBXResourcesBuildPhase;
			buildActionMask = 2147483647;
			files = (
			);
			runOnlyForDeploymentPostprocessing = 0;
		};
/* End PBXResourcesBuildPhase section */

/* Begin PBXSourcesBuildPhase section */
		4741BF901DB68AF1004BE656 /* Sources */ = {
			isa = PBXSourcesBuildPhase;
			buildActionMask = 2147483647;
			files = (
				4741BFB51DB68B20004BE656 /* AsyncTaskOperation.swift in Sources */,
				47E31AEA1DB68F87000FDA41 /* AsyncTaskQueue.swift in Sources */,
				4741BFB41DB68B20004BE656 /* AsyncOperation.swift in Sources */,
				4741BFB31DB68B20004BE656 /* AsyncBlockOperation.swift in Sources */,
			);
			runOnlyForDeploymentPostprocessing = 0;
		};
		4741BF9A1DB68AF2004BE656 /* Sources */ = {
			isa = PBXSourcesBuildPhase;
			buildActionMask = 2147483647;
			files = (
				4741BFA41DB68AF2004BE656 /* AsyncOperationsTests.swift in Sources */,
			);
			runOnlyForDeploymentPostprocessing = 0;
		};
/* End PBXSourcesBuildPhase section */

/* Begin PBXTargetDependency section */
		4741BFA11DB68AF2004BE656 /* PBXTargetDependency */ = {
			isa = PBXTargetDependency;
			target = 4741BF941DB68AF1004BE656 /* AsyncOperations */;
			targetProxy = 4741BFA01DB68AF2004BE656 /* PBXContainerItemProxy */;
		};
/* End PBXTargetDependency section */

/* Begin XCBuildConfiguration section */
		4741BFA71DB68AF2004BE656 /* Debug */ = {
			isa = XCBuildConfiguration;
			buildSettings = {
				ALWAYS_SEARCH_USER_PATHS = NO;
				CLANG_ANALYZER_NONNULL = YES;
				CLANG_CXX_LANGUAGE_STANDARD = "gnu++0x";
				CLANG_CXX_LIBRARY = "libc++";
				CLANG_ENABLE_MODULES = YES;
				CLANG_ENABLE_OBJC_ARC = YES;
				CLANG_WARN_BOOL_CONVERSION = YES;
				CLANG_WARN_CONSTANT_CONVERSION = YES;
				CLANG_WARN_DIRECT_OBJC_ISA_USAGE = YES_ERROR;
				CLANG_WARN_DOCUMENTATION_COMMENTS = YES;
				CLANG_WARN_EMPTY_BODY = YES;
				CLANG_WARN_ENUM_CONVERSION = YES;
				CLANG_WARN_INFINITE_RECURSION = YES;
				CLANG_WARN_INT_CONVERSION = YES;
				CLANG_WARN_OBJC_ROOT_CLASS = YES_ERROR;
				CLANG_WARN_SUSPICIOUS_MOVES = YES;
				CLANG_WARN_UNREACHABLE_CODE = YES;
				CLANG_WARN__DUPLICATE_METHOD_MATCH = YES;
				"CODE_SIGN_IDENTITY[sdk=iphoneos*]" = "iPhone Developer";
				COPY_PHASE_STRIP = NO;
				CURRENT_PROJECT_VERSION = 1;
				DEBUG_INFORMATION_FORMAT = dwarf;
				ENABLE_STRICT_OBJC_MSGSEND = YES;
				ENABLE_TESTABILITY = YES;
				GCC_C_LANGUAGE_STANDARD = gnu99;
				GCC_DYNAMIC_NO_PIC = NO;
				GCC_NO_COMMON_BLOCKS = YES;
				GCC_OPTIMIZATION_LEVEL = 0;
				GCC_PREPROCESSOR_DEFINITIONS = (
					"DEBUG=1",
					"$(inherited)",
				);
				GCC_WARN_64_TO_32_BIT_CONVERSION = YES;
				GCC_WARN_ABOUT_RETURN_TYPE = YES_ERROR;
				GCC_WARN_UNDECLARED_SELECTOR = YES;
				GCC_WARN_UNINITIALIZED_AUTOS = YES_AGGRESSIVE;
				GCC_WARN_UNUSED_FUNCTION = YES;
				GCC_WARN_UNUSED_VARIABLE = YES;
				IPHONEOS_DEPLOYMENT_TARGET = 10.0;
				MTL_ENABLE_DEBUG_INFO = YES;
				ONLY_ACTIVE_ARCH = YES;
				SDKROOT = iphoneos;
				SWIFT_ACTIVE_COMPILATION_CONDITIONS = DEBUG;
				SWIFT_OPTIMIZATION_LEVEL = "-Onone";
				TARGETED_DEVICE_FAMILY = "1,2";
				VERSIONING_SYSTEM = "apple-generic";
				VERSION_INFO_PREFIX = "";
			};
			name = Debug;
		};
		4741BFA81DB68AF2004BE656 /* Release */ = {
			isa = XCBuildConfiguration;
			buildSettings = {
				ALWAYS_SEARCH_USER_PATHS = NO;
				CLANG_ANALYZER_NONNULL = YES;
				CLANG_CXX_LANGUAGE_STANDARD = "gnu++0x";
				CLANG_CXX_LIBRARY = "libc++";
				CLANG_ENABLE_MODULES = YES;
				CLANG_ENABLE_OBJC_ARC = YES;
				CLANG_WARN_BOOL_CONVERSION = YES;
				CLANG_WARN_CONSTANT_CONVERSION = YES;
				CLANG_WARN_DIRECT_OBJC_ISA_USAGE = YES_ERROR;
				CLANG_WARN_DOCUMENTATION_COMMENTS = YES;
				CLANG_WARN_EMPTY_BODY = YES;
				CLANG_WARN_ENUM_CONVERSION = YES;
				CLANG_WARN_INFINITE_RECURSION = YES;
				CLANG_WARN_INT_CONVERSION = YES;
				CLANG_WARN_OBJC_ROOT_CLASS = YES_ERROR;
				CLANG_WARN_SUSPICIOUS_MOVES = YES;
				CLANG_WARN_UNREACHABLE_CODE = YES;
				CLANG_WARN__DUPLICATE_METHOD_MATCH = YES;
				"CODE_SIGN_IDENTITY[sdk=iphoneos*]" = "iPhone Developer";
				COPY_PHASE_STRIP = NO;
				CURRENT_PROJECT_VERSION = 1;
				DEBUG_INFORMATION_FORMAT = "dwarf-with-dsym";
				ENABLE_NS_ASSERTIONS = NO;
				ENABLE_STRICT_OBJC_MSGSEND = YES;
				GCC_C_LANGUAGE_STANDARD = gnu99;
				GCC_NO_COMMON_BLOCKS = YES;
				GCC_WARN_64_TO_32_BIT_CONVERSION = YES;
				GCC_WARN_ABOUT_RETURN_TYPE = YES_ERROR;
				GCC_WARN_UNDECLARED_SELECTOR = YES;
				GCC_WARN_UNINITIALIZED_AUTOS = YES_AGGRESSIVE;
				GCC_WARN_UNUSED_FUNCTION = YES;
				GCC_WARN_UNUSED_VARIABLE = YES;
				IPHONEOS_DEPLOYMENT_TARGET = 10.0;
				MTL_ENABLE_DEBUG_INFO = NO;
				SDKROOT = iphoneos;
				SWIFT_OPTIMIZATION_LEVEL = "-Owholemodule";
				TARGETED_DEVICE_FAMILY = "1,2";
				VALIDATE_PRODUCT = YES;
				VERSIONING_SYSTEM = "apple-generic";
				VERSION_INFO_PREFIX = "";
			};
			name = Release;
		};
		4741BFAA1DB68AF2004BE656 /* Debug */ = {
			isa = XCBuildConfiguration;
			buildSettings = {
				CLANG_ENABLE_MODULES = YES;
				CODE_SIGN_IDENTITY = "";
				DEFINES_MODULE = YES;
				DEVELOPMENT_TEAM = 442RNUGV2T;
				DYLIB_COMPATIBILITY_VERSION = 1;
				DYLIB_CURRENT_VERSION = 1;
				DYLIB_INSTALL_NAME_BASE = "@rpath";
				INFOPLIST_FILE = AsyncOperations/Info.plist;
				INSTALL_PATH = "$(LOCAL_LIBRARY_DIR)/Frameworks";
				LD_RUNPATH_SEARCH_PATHS = "$(inherited) @executable_path/Frameworks @loader_path/Frameworks";
				PRODUCT_BUNDLE_IDENTIFIER = com.niceboy.AsyncOperations;
				PRODUCT_NAME = "$(TARGET_NAME)";
				SKIP_INSTALL = YES;
				SWIFT_OPTIMIZATION_LEVEL = "-Onone";
				SWIFT_VERSION = 3.0;
			};
			name = Debug;
		};
		4741BFAB1DB68AF2004BE656 /* Release */ = {
			isa = XCBuildConfiguration;
			buildSettings = {
				CLANG_ENABLE_MODULES = YES;
				CODE_SIGN_IDENTITY = "";
				DEFINES_MODULE = YES;
				DEVELOPMENT_TEAM = 442RNUGV2T;
				DYLIB_COMPATIBILITY_VERSION = 1;
				DYLIB_CURRENT_VERSION = 1;
				DYLIB_INSTALL_NAME_BASE = "@rpath";
				INFOPLIST_FILE = AsyncOperations/Info.plist;
				INSTALL_PATH = "$(LOCAL_LIBRARY_DIR)/Frameworks";
				LD_RUNPATH_SEARCH_PATHS = "$(inherited) @executable_path/Frameworks @loader_path/Frameworks";
				PRODUCT_BUNDLE_IDENTIFIER = com.niceboy.AsyncOperations;
				PRODUCT_NAME = "$(TARGET_NAME)";
				SKIP_INSTALL = YES;
				SWIFT_VERSION = 3.0;
			};
			name = Release;
		};
		4741BFAD1DB68AF2004BE656 /* Debug */ = {
			isa = XCBuildConfiguration;
			buildSettings = {
				ALWAYS_EMBED_SWIFT_STANDARD_LIBRARIES = YES;
				DEVELOPMENT_TEAM = 442RNUGV2T;
				INFOPLIST_FILE = AsyncOperationsTests/Info.plist;
				LD_RUNPATH_SEARCH_PATHS = "$(inherited) @executable_path/Frameworks @loader_path/Frameworks";
				PRODUCT_BUNDLE_IDENTIFIER = com.niceboy.AsyncOperationsTests;
				PRODUCT_NAME = "$(TARGET_NAME)";
				SWIFT_VERSION = 3.0;
			};
			name = Debug;
		};
		4741BFAE1DB68AF2004BE656 /* Release */ = {
			isa = XCBuildConfiguration;
			buildSettings = {
				ALWAYS_EMBED_SWIFT_STANDARD_LIBRARIES = YES;
				DEVELOPMENT_TEAM = 442RNUGV2T;
				INFOPLIST_FILE = AsyncOperationsTests/Info.plist;
				LD_RUNPATH_SEARCH_PATHS = "$(inherited) @executable_path/Frameworks @loader_path/Frameworks";
				PRODUCT_BUNDLE_IDENTIFIER = com.niceboy.AsyncOperationsTests;
				PRODUCT_NAME = "$(TARGET_NAME)";
				SWIFT_VERSION = 3.0;
			};
			name = Release;
		};
/* End XCBuildConfiguration section */

/* Begin XCConfigurationList section */
		4741BF8F1DB68AF1004BE656 /* Build configuration list for PBXProject "AsyncOperations" */ = {
			isa = XCConfigurationList;
			buildConfigurations = (
				4741BFA71DB68AF2004BE656 /* Debug */,
				4741BFA81DB68AF2004BE656 /* Release */,
			);
			defaultConfigurationIsVisible = 0;
			defaultConfigurationName = Release;
		};
		4741BFA91DB68AF2004BE656 /* Build configuration list for PBXNativeTarget "AsyncOperations" */ = {
			isa = XCConfigurationList;
			buildConfigurations = (
				4741BFAA1DB68AF2004BE656 /* Debug */,
				4741BFAB1DB68AF2004BE656 /* Release */,
			);
			defaultConfigurationIsVisible = 0;
			defaultConfigurationName = Release;
		};
		4741BFAC1DB68AF2004BE656 /* Build configuration list for PBXNativeTarget "AsyncOperationsTests" */ = {
			isa = XCConfigurationList;
			buildConfigurations = (
				4741BFAD1DB68AF2004BE656 /* Debug */,
				4741BFAE1DB68AF2004BE656 /* Release */,
			);
			defaultConfigurationIsVisible = 0;
			defaultConfigurationName = Release;
		};
/* End XCConfigurationList section */
	};
	rootObject = 4741BF8C1DB68AF1004BE656 /* Project object */;
}
